
Microsoft Visual Studio Solution File, Format Version 12.00
# Visual Studio Version 16
VisualStudioVersion = 16.0.30413.136
MinimumVisualStudioVersion = 10.0.40219.1
Project("{FAE04EC0-301F-11D3-BF4B-00C04F79EFBC}") = "LedClock", "LedClock\LedClock.csproj", "{8BC0F6C8-88CB-473D-98D0-9A9E8B3E1F2C}"
EndProject
Global
	GlobalSection(SolutionConfigurationPlatforms) = preSolution
		Debug|Any CPU = Debug|Any CPU
		Release|Any CPU = Release|Any CPU
	EndGlobalSection
	GlobalSection(ProjectConfigurationPlatforms) = postSolution
		{8BC0F6C8-88CB-473D-98D0-9A9E8B3E1F2C}.Debug|Any CPU.ActiveCfg = Debug|Any CPU
		{8BC0F6C8-88CB-473D-98D0-9A9E8B3E1F2C}.Debug|Any CPU.Build.0 = Debug|Any CPU
		{8BC0F6C8-88CB-473D-98D0-9A9E8B3E1F2C}.Release|Any CPU.ActiveCfg = Release|Any CPU
		{8BC0F6C8-88CB-473D-98D0-9A9E8B3E1F2C}.Release|Any CPU.Build.0 = Release|Any CPU
	EndGlobalSection
	GlobalSection(SolutionProperties) = preSolution
		HideSolutionNode = FALSE
	EndGlobalSection
	GlobalSection(ExtensibilityGlobals) = postSolution
		SolutionGuid = {28904BE2-C8C1-484A-8E7E-7622337384FF}
	EndGlobalSection
EndGlobal
